{
  "nodes": {
    "blueprint": {
      "inputs": {
        "nixpkgs": [
          "rpcplorer",
          "gorefresh",
          "nixpkgs"
        ],
        "systems": [
          "rpcplorer",
          "systems"
        ]
      },
      "locked": {
        "lastModified": 1727784414,
        "narHash": "sha256-t3olvkbnZsv/XGFocOWnU+Hy+tT7QuzY2RecGWKs8WU=",
        "owner": "numtide",
        "repo": "blueprint",
        "rev": "be8a5dbb413a047ef95334b17f51541b29be17ee",
        "type": "github"
      },
      "original": {
        "owner": "numtide",
        "repo": "blueprint",
        "type": "github"
      }
    },
    "flake-utils": {
      "locked": {
        "lastModified": 1667395993,
        "narHash": "sha256-nuEHfE/LcWyuSWnS8t12N1wc105Qtau+/OdUAjtQ0rA=",
        "owner": "numtide",
        "repo": "flake-utils",
        "rev": "5aed5285a952e0b949eb3ba02c12fa4fcfef535f",
        "type": "github"
      },
      "original": {
        "owner": "numtide",
        "repo": "flake-utils",
        "type": "github"
      }
    },
    "gitignore": {
      "inputs": {
        "nixpkgs": [
          "rpcplorer",
          "templ",
          "nixpkgs"
        ]
      },
      "locked": {
        "lastModified": 1709087332,
        "narHash": "sha256-HG2cCnktfHsKV0s4XW83gU3F57gaTljL9KNSuG6bnQs=",
        "owner": "hercules-ci",
        "repo": "gitignore.nix",
        "rev": "637db329424fd7e46cf4185293b9cc8c88c95394",
        "type": "github"
      },
      "original": {
        "owner": "hercules-ci",
        "repo": "gitignore.nix",
        "type": "github"
      }
    },
    "gorefresh": {
      "inputs": {
        "blueprint": "blueprint",
        "nixpkgs": [
          "rpcplorer",
          "nixpkgs"
        ]
      },
      "locked": {
        "lastModified": 1730386180,
        "narHash": "sha256-hzylZNcvRECQfDaiUva4LpK+FRRkvrPLz3hI0XiQJKc=",
        "owner": "draganm",
        "repo": "gorefresh",
        "rev": "ec56cca15b6247ecd72fa0564ed564f2b359e78b",
        "type": "github"
      },
      "original": {
        "owner": "draganm",
        "ref": "v0.0.4",
        "repo": "gorefresh",
        "type": "github"
      }
    },
    "nixpkgs": {
      "locked": {
        "lastModified": 1767379071,
        "narHash": "sha256-3xDI4xtzovwqE/eAxCwmXxUqBg6Yoam2L1u0IwRNhW4=",
        "rev": "fb7944c166a3b630f177938e478f0378e64ce108",
        "type": "tarball",
        "url": "https://releases.nixos.org/nixos/unstable/nixos-26.05pre921484.fb7944c166a3/nixexprs.tar.xz?lastModified=1767379071&rev=fb7944c166a3b630f177938e478f0378e64ce108"
      },
      "original": {
        "type": "tarball",
        "url": "https://channels.nixos.org/nixos-unstable/nixexprs.tar.xz"
      }
    },
    "root": {
      "inputs": {
        "nixpkgs": "nixpkgs",
        "rpcplorer": "rpcplorer",
        "systems": "systems"
      }
    },
    "rpcplorer": {
      "inputs": {
        "gorefresh": "gorefresh",
        "nixpkgs": [
          "nixpkgs"
        ],
        "systems": [
          "systems"
        ],
        "templ": "templ"
      },
      "locked": {
        "lastModified": 1762771434,
        "narHash": "sha256-ZzwQGeI4HzV1LPKlbGAfAC402b7GtYD4dpKGICl819M=",
        "owner": "Golem-Base",
        "repo": "rpcplorer",
        "rev": "1021adbfc765d9c36d565907cda7e5e48c6b597b",
        "type": "github"
      },
      "original": {
        "owner": "Golem-Base",
        "ref": "1021adbfc765d9c36d565907cda7e5e48c6b597b",
        "repo": "rpcplorer",
        "type": "github"
      }
    },
    "systems": {
      "locked": {
        "lastModified": 1681028828,
        "narHash": "sha256-Vy1rq5AaRuLzOxct8nz4T6wlgyUR7zLU309k9mBC768=",
        "owner": "nix-systems",
        "repo": "default",
        "rev": "da67096a3b9bf56a91d16901293e51ba5b49a27e",
        "type": "github"
      },
      "original": {
        "owner": "nix-systems",
        "repo": "default",
        "type": "github"
      }
    },
    "templ": {
      "inputs": {
        "gitignore": "gitignore",
        "nixpkgs": [
          "rpcplorer",
          "nixpkgs"
        ],
        "nixpkgs-unstable": [
          "rpcplorer",
          "nixpkgs"
        ],
        "xc": "xc"
      },
      "locked": {
        "lastModified": 1738260980,
        "narHash": "sha256-4K1MpsM3OuamXRYOllDsxxgpMRseFGviC4RJzNA7Cu8=",
        "owner": "a-h",
        "repo": "templ",
        "rev": "fea7372cecdedafc58b400f3f07da28110f73d25",
        "type": "github"
      },
      "original": {
        "owner": "a-h",
        "ref": "v0.3.833",
        "repo": "templ",
        "type": "github"
      }
    },
    "xc": {
      "inputs": {
        "flake-utils": "flake-utils",
        "nixpkgs": [
          "rpcplorer",
          "templ",
          "nixpkgs"
        ]
      },
      "locked": {
        "lastModified": 1737995220,
        "narHash": "sha256-1BTm0vPG6H7Xb6aGzA+v0Bv6+ONZm/kOebI4iKoZkSE=",
        "owner": "joerdav",
        "repo": "xc",
        "rev": "85ad0fa8b705f290b050d93ae6be65d994d15528",
        "type": "github"
      },
      "original": {
        "owner": "joerdav",
        "repo": "xc",
        "type": "github"
      }
    }
  },
  "root": "root",
  "version": 7
}
